
Microsoft Visual Studio Solution File, Format Version 12.00
# Visual Studio Version 17
VisualStudioVersion = 17.11.35312.102
MinimumVisualStudioVersion = 10.0.40219.1
Project("{FAE04EC0-301F-11D3-BF4B-00C04F79EFBC}") = "LAB04", "LAB04\LAB04.csproj", "{DAA65EEA-6962-4F10-A300-71C4C4A5435A}"
EndProject
Global
	GlobalSection(SolutionConfigurationPlatforms) = preSolution
		Debug|Any CPU = Debug|Any CPU
		Release|Any CPU = Release|Any CPU
	EndGlobalSection
	GlobalSection(ProjectConfigurationPlatforms) = postSolution
		{DAA65EEA-6962-4F10-A300-71C4C4A5435A}.Debug|Any CPU.ActiveCfg = Debug|Any CPU
		{DAA65EEA-6962-4F10-A300-71C4C4A5435A}.Debug|Any CPU.Build.0 = Debug|Any CPU
		{DAA65EEA-6962-4F10-A300-71C4C4A5435A}.Release|Any CPU.ActiveCfg = Release|Any CPU
		{DAA65EEA-6962-4F10-A300-71C4C4A5435A}.Release|Any CPU.Build.0 = Release|Any CPU
	EndGlobalSection
	GlobalSection(SolutionProperties) = preSolution
		HideSolutionNode = FALSE
	EndGlobalSection
	GlobalSection(ExtensibilityGlobals) = postSolution
		SolutionGuid = {FB366D7B-8C37-46AB-A5F5-C0F45A667FA4}
	EndGlobalSection
EndGlobal
